
Microsoft Visual Studio Solution File, Format Version 12.00
# Visual Studio 15
VisualStudioVersion = 15.0.28307.136
MinimumVisualStudioVersion = 10.0.40219.1
Project("{FAE04EC0-301F-11D3-BF4B-00C04F79EFBC}") = "UziTrainer", "UziTrainer\UziTrainer.csproj", "{B034D4D2-08BE-42CB-BCE2-8E8650C014DB}"
EndProject
Global
	GlobalSection(SolutionConfigurationPlatforms) = preSolution
		Debug|Any CPU = Debug|Any CPU
		Release|Any CPU = Release|Any CPU
	EndGlobalSection
	GlobalSection(ProjectConfigurationPlatforms) = postSolution
		{B034D4D2-08BE-42CB-BCE2-8E8650C014DB}.Debug|Any CPU.ActiveCfg = Debug|Any CPU
		{B034D4D2-08BE-42CB-BCE2-8E8650C014DB}.Debug|Any CPU.Build.0 = Debug|Any CPU
		{B034D4D2-08BE-42CB-BCE2-8E8650C014DB}.Release|Any CPU.ActiveCfg = Release|Any CPU
		{B034D4D2-08BE-42CB-BCE2-8E8650C014DB}.Release|Any CPU.Build.0 = Release|Any CPU
	EndGlobalSection
	GlobalSection(SolutionProperties) = preSolution
		HideSolutionNode = FALSE
	EndGlobalSection
	GlobalSection(ExtensibilityGlobals) = postSolution
		SolutionGuid = {31B7DBCE-A4EF-417E-959D-30F770BD2BF3}
	EndGlobalSection
EndGlobal
